
Microsoft Visual Studio Solution File, Format Version 12.00
# Visual Studio 15
VisualStudioVersion = 15.0.28307.539
MinimumVisualStudioVersion = 10.0.40219.1
Project("{FAE04EC0-301F-11D3-BF4B-00C04F79EFBC}") = "Web_ban_hang", "Web_ban_hang\Web_ban_hang.csproj", "{D38D3590-1F1E-4DAC-8B75-F95A819514FE}"
EndProject
Project("{FAE04EC0-301F-11D3-BF4B-00C04F79EFBC}") = "Model", "Model\Model.csproj", "{7C0E6D78-24D9-4A83-97F3-C348753E745F}"
EndProject
Project("{FAE04EC0-301F-11D3-BF4B-00C04F79EFBC}") = "Common", "Common\Common.csproj", "{CA207AB6-0AF4-44EE-83F2-5453F2A2FC60}"
EndProject
Global
	GlobalSection(SolutionConfigurationPlatforms) = preSolution
		Debug|Any CPU = Debug|Any CPU
		Release|Any CPU = Release|Any CPU
	EndGlobalSection
	GlobalSection(ProjectConfigurationPlatforms) = postSolution
		{D38D3590-1F1E-4DAC-8B75-F95A819514FE}.Debug|Any CPU.ActiveCfg = Debug|Any CPU
		{D38D3590-1F1E-4DAC-8B75-F95A819514FE}.Debug|Any CPU.Build.0 = Debug|Any CPU
		{D38D3590-1F1E-4DAC-8B75-F95A819514FE}.Release|Any CPU.ActiveCfg = Release|Any CPU
		{D38D3590-1F1E-4DAC-8B75-F95A819514FE}.Release|Any CPU.Build.0 = Release|Any CPU
		{7C0E6D78-24D9-4A83-97F3-C348753E745F}.Debug|Any CPU.ActiveCfg = Debug|Any CPU
		{7C0E6D78-24D9-4A83-97F3-C348753E745F}.Debug|Any CPU.Build.0 = Debug|Any CPU
		{7C0E6D78-24D9-4A83-97F3-C348753E745F}.Release|Any CPU.ActiveCfg = Release|Any CPU
		{7C0E6D78-24D9-4A83-97F3-C348753E745F}.Release|Any CPU.Build.0 = Release|Any CPU
		{CA207AB6-0AF4-44EE-83F2-5453F2A2FC60}.Debug|Any CPU.ActiveCfg = Debug|Any CPU
		{CA207AB6-0AF4-44EE-83F2-5453F2A2FC60}.Debug|Any CPU.Build.0 = Debug|Any CPU
		{CA207AB6-0AF4-44EE-83F2-5453F2A2FC60}.Release|Any CPU.ActiveCfg = Release|Any CPU
		{CA207AB6-0AF4-44EE-83F2-5453F2A2FC60}.Release|Any CPU.Build.0 = Release|Any CPU
	EndGlobalSection
	GlobalSection(SolutionProperties) = preSolution
		HideSolutionNode = FALSE
	EndGlobalSection
	GlobalSection(ExtensibilityGlobals) = postSolution
		SolutionGuid = {31515BD0-947E-498B-B687-800DAE92AC9F}
	EndGlobalSection
EndGlobal
